// !$*UTF8*$!
{
	archiveVersion = 1;
	classes = {
	};
	objectVersion = 56;
	objects = {

/* Begin PBXBuildFile section */
		000000000000000000000040 /* CathedralOSApp.swift in Sources */ = {isa = PBXBuildFile; fileRef = 000000000000000000000030 /* CathedralOSApp.swift */; };
		000000000000000000000041 /* CathedralView.swift in Sources */ = {isa = PBXBuildFile; fileRef = 000000000000000000000031 /* CathedralView.swift */; };
		000000000000000000000042 /* Compiler.swift in Sources */ = {isa = PBXBuildFile; fileRef = 000000000000000000000032 /* Compiler.swift */; };
		000000000000000000000043 /* Goal.swift in Sources */ = {isa = PBXBuildFile; fileRef = 000000000000000000000033 /* Goal.swift */; };
		000000000000000000000044 /* Constraint.swift in Sources */ = {isa = PBXBuildFile; fileRef = 000000000000000000000034 /* Constraint.swift */; };
		000000000000000000000045 /* CathedralProfile.swift in Sources */ = {isa = PBXBuildFile; fileRef = 000000000000000000000035 /* CathedralProfile.swift */; };
		000000000000000000000070 /* Role.swift in Sources */ = {isa = PBXBuildFile; fileRef = 000000000000000000000063 /* Role.swift */; };
		000000000000000000000071 /* Domain.swift in Sources */ = {isa = PBXBuildFile; fileRef = 000000000000000000000064 /* Domain.swift */; };
		000000000000000000000046 /* CompilerTests.swift in Sources */ = {isa = PBXBuildFile; fileRef = 000000000000000000000036 /* CompilerTests.swift */; };
		000000000000000000000060 /* ExportMode.swift in Sources */ = {isa = PBXBuildFile; fileRef = 000000000000000000000050 /* ExportMode.swift */; };
		000000000000000000000061 /* ExportFormatter.swift in Sources */ = {isa = PBXBuildFile; fileRef = 000000000000000000000051 /* ExportFormatter.swift */; };
		000000000000000000000062 /* ExportFormatterTests.swift in Sources */ = {isa = PBXBuildFile; fileRef = 000000000000000000000052 /* ExportFormatterTests.swift */; };
		000000000000000000000080 /* ProfileSelector.swift in Sources */ = {isa = PBXBuildFile; fileRef = 000000000000000000000072 /* ProfileSelector.swift */; };
		000000000000000000000081 /* ProfileSelectionTests.swift in Sources */ = {isa = PBXBuildFile; fileRef = 000000000000000000000073 /* ProfileSelectionTests.swift */; };
		000000000000000000000083 /* Resource.swift in Sources */ = {isa = PBXBuildFile; fileRef = 000000000000000000000082 /* Resource.swift */; };
		000000000000000000000085 /* Preference.swift in Sources */ = {isa = PBXBuildFile; fileRef = 000000000000000000000084 /* Preference.swift */; };
		000000000000000000000087 /* FailurePattern.swift in Sources */ = {isa = PBXBuildFile; fileRef = 000000000000000000000086 /* FailurePattern.swift */; };
		000000000000000000000089 /* Season.swift in Sources */ = {isa = PBXBuildFile; fileRef = 000000000000000000000088 /* Season.swift */; };
		00000000000000000000008B /* Secret.swift in Sources */ = {isa = PBXBuildFile; fileRef = 00000000000000000000008A /* Secret.swift */; };
		00000000000000000000008D /* KeychainService.swift in Sources */ = {isa = PBXBuildFile; fileRef = 00000000000000000000008C /* KeychainService.swift */; };
		00000000000000000000008F /* PrivacyRedactor.swift in Sources */ = {isa = PBXBuildFile; fileRef = 00000000000000000000008E /* PrivacyRedactor.swift */; };
		000000000000000000000091 /* SecretsVaultView.swift in Sources */ = {isa = PBXBuildFile; fileRef = 000000000000000000000090 /* SecretsVaultView.swift */; };
		000000000000000000000095 /* AskPackAssembler.swift in Sources */ = {isa = PBXBuildFile; fileRef = 000000000000000000000094 /* AskPackAssembler.swift */; };
		000000000000000000000097 /* AskView.swift in Sources */ = {isa = PBXBuildFile; fileRef = 000000000000000000000096 /* AskView.swift */; };
		00000000000000000000009A /* AskPackAssemblerTests.swift in Sources */ = {isa = PBXBuildFile; fileRef = 000000000000000000000099 /* AskPackAssemblerTests.swift */; };
		00000000000000000000009C /* PrivacySafeTitleTests.swift in Sources */ = {isa = PBXBuildFile; fileRef = 00000000000000000000009B /* PrivacySafeTitleTests.swift */; };
		00000000000000000000009E /* ProfileTemplate.swift in Sources */ = {isa = PBXBuildFile; fileRef = 00000000000000000000009D /* ProfileTemplate.swift */; };
		0000000000000000000000A0 /* BuiltInTemplates.swift in Sources */ = {isa = PBXBuildFile; fileRef = 00000000000000000000009F /* BuiltInTemplates.swift */; };
		0000000000000000000000A2 /* ProfileFactory.swift in Sources */ = {isa = PBXBuildFile; fileRef = 0000000000000000000000A1 /* ProfileFactory.swift */; };
		0000000000000000000000A4 /* TemplatesPickerView.swift in Sources */ = {isa = PBXBuildFile; fileRef = 0000000000000000000000A3 /* TemplatesPickerView.swift */; };
		0000000000000000000000A6 /* NewProfileFromTemplateView.swift in Sources */ = {isa = PBXBuildFile; fileRef = 0000000000000000000000A5 /* NewProfileFromTemplateView.swift */; };
		0000000000000000000000A8 /* TemplatesTests.swift in Sources */ = {isa = PBXBuildFile; fileRef = 0000000000000000000000A7 /* TemplatesTests.swift */; };
		0000000000000000000000D4 /* PromptPackAssemblerTests.swift in Sources */ = {isa = PBXBuildFile; fileRef = 0000000000000000000000E5 /* PromptPackAssemblerTests.swift */; };
		0000000000000000000000B1 /* Assets.xcassets in Resources */ = {isa = PBXBuildFile; fileRef = 0000000000000000000000B0 /* Assets.xcassets */; };
		0000000000000000000000B2 /* CathedralTheme.swift in Sources */ = {isa = PBXBuildFile; fileRef = 0000000000000000000000B3 /* CathedralTheme.swift */; };
		0000000000000000000000B6 /* StoryProject.swift in Sources */ = {isa = PBXBuildFile; fileRef = 0000000000000000000000B5 /* StoryProject.swift */; };
		0000000000000000000000B8 /* StoryCharacter.swift in Sources */ = {isa = PBXBuildFile; fileRef = 0000000000000000000000B7 /* StoryCharacter.swift */; };
		0000000000000000000000BA /* StorySpark.swift in Sources */ = {isa = PBXBuildFile; fileRef = 0000000000000000000000B9 /* StorySpark.swift */; };
		0000000000000000000000BC /* Aftertaste.swift in Sources */ = {isa = PBXBuildFile; fileRef = 0000000000000000000000BB /* Aftertaste.swift */; };
		0000000000000000000000BE /* PromptPack.swift in Sources */ = {isa = PBXBuildFile; fileRef = 0000000000000000000000BD /* PromptPack.swift */; };
		0000000000000000000000C0 /* ProjectSetting.swift in Sources */ = {isa = PBXBuildFile; fileRef = 0000000000000000000000BF /* ProjectSetting.swift */; };
		0000000000000000000000C2 /* ProjectsListView.swift in Sources */ = {isa = PBXBuildFile; fileRef = 0000000000000000000000C1 /* ProjectsListView.swift */; };
		0000000000000000000000C4 /* ProjectDetailView.swift in Sources */ = {isa = PBXBuildFile; fileRef = 0000000000000000000000C3 /* ProjectDetailView.swift */; };
		0000000000000000000000C6 /* CharacterFormView.swift in Sources */ = {isa = PBXBuildFile; fileRef = 0000000000000000000000C5 /* CharacterFormView.swift */; };
		0000000000000000000000C8 /* SettingEditorView.swift in Sources */ = {isa = PBXBuildFile; fileRef = 0000000000000000000000C7 /* SettingEditorView.swift */; };
		0000000000000000000000CA /* StorySparkFormView.swift in Sources */ = {isa = PBXBuildFile; fileRef = 0000000000000000000000C9 /* StorySparkFormView.swift */; };
		0000000000000000000000CC /* AftertasteFormView.swift in Sources */ = {isa = PBXBuildFile; fileRef = 0000000000000000000000CB /* AftertasteFormView.swift */; };
		0000000000000000000000CE /* PromptPackBuilderView.swift in Sources */ = {isa = PBXBuildFile; fileRef = 0000000000000000000000CD /* PromptPackBuilderView.swift */; };
		0000000000000000000000D0 /* PromptPackPreviewView.swift in Sources */ = {isa = PBXBuildFile; fileRef = 0000000000000000000000CF /* PromptPackPreviewView.swift */; };
		0000000000000000000000D2 /* PromptPackAssembler.swift in Sources */ = {isa = PBXBuildFile; fileRef = 0000000000000000000000D1 /* PromptPackAssembler.swift */; };
		0000000000000000000000E7 /* PromptPackExportPayload.swift in Sources */ = {isa = PBXBuildFile; fileRef = 0000000000000000000000E6 /* PromptPackExportPayload.swift */; };
		0000000000000000000000E9 /* PromptPackJSONAssembler.swift in Sources */ = {isa = PBXBuildFile; fileRef = 0000000000000000000000E8 /* PromptPackJSONAssembler.swift */; };
		0000000000000000000000EB /* PromptPackJSONAssemblerTests.swift in Sources */ = {isa = PBXBuildFile; fileRef = 0000000000000000000000EA /* PromptPackJSONAssemblerTests.swift */; };
		0000000000000000000000EC /* PromptPackExportBuilder.swift in Sources */ = {isa = PBXBuildFile; fileRef = 0000000000000000000000ED /* PromptPackExportBuilder.swift */; };
		0000000000000000000000EE /* PromptPackExportBuilderTests.swift in Sources */ = {isa = PBXBuildFile; fileRef = 0000000000000000000000EF /* PromptPackExportBuilderTests.swift */; };
		0000000000000000000000F0 /* PromptPackBuilderTests.swift in Sources */ = {isa = PBXBuildFile; fileRef = 0000000000000000000000F1 /* PromptPackBuilderTests.swift */; };
		0000000000000000000000F3 /* FieldLevel.swift in Sources */ = {isa = PBXBuildFile; fileRef = 0000000000000000000000F2 /* FieldLevel.swift */; };
		0000000000000000000000F5 /* TieredFieldsTests.swift in Sources */ = {isa = PBXBuildFile; fileRef = 0000000000000000000000F4 /* TieredFieldsTests.swift */; };
		0000000000000000000000F7 /* FieldTemplateDefinition.swift in Sources */ = {isa = PBXBuildFile; fileRef = 0000000000000000000000F6 /* FieldTemplateDefinition.swift */; };
		0000000000000000000000F9 /* FieldTemplateEngine.swift in Sources */ = {isa = PBXBuildFile; fileRef = 0000000000000000000000F8 /* FieldTemplateEngine.swift */; };
		0000000000000000000000FB /* FieldDepthComponents.swift in Sources */ = {isa = PBXBuildFile; fileRef = 0000000000000000000000FA /* FieldDepthComponents.swift */; };
		0000000000000000000000FD /* FieldTemplateEngineTests.swift in Sources */ = {isa = PBXBuildFile; fileRef = 0000000000000000000000FC /* FieldTemplateEngineTests.swift */; };
		0000000000000000000000FF /* StringExtensions.swift in Sources */ = {isa = PBXBuildFile; fileRef = 0000000000000000000000FE /* StringExtensions.swift */; };
		000000000000000000000101 /* StoryRelationship.swift in Sources */ = {isa = PBXBuildFile; fileRef = 000000000000000000000100 /* StoryRelationship.swift */; };
		000000000000000000000103 /* ThemeQuestion.swift in Sources */ = {isa = PBXBuildFile; fileRef = 000000000000000000000102 /* ThemeQuestion.swift */; };
		000000000000000000000105 /* Motif.swift in Sources */ = {isa = PBXBuildFile; fileRef = 000000000000000000000104 /* Motif.swift */; };
		000000000000000000000107 /* RelationshipFormView.swift in Sources */ = {isa = PBXBuildFile; fileRef = 000000000000000000000106 /* RelationshipFormView.swift */; };
		000000000000000000000109 /* ThemeQuestionFormView.swift in Sources */ = {isa = PBXBuildFile; fileRef = 000000000000000000000108 /* ThemeQuestionFormView.swift */; };
		00000000000000000000010B /* MotifFormView.swift in Sources */ = {isa = PBXBuildFile; fileRef = 00000000000000000000010A /* MotifFormView.swift */; };
		00000000000000000000010D /* LiteraryEntitiesTests.swift in Sources */ = {isa = PBXBuildFile; fileRef = 00000000000000000000010C /* LiteraryEntitiesTests.swift */; };
		000000000000000000000111 /* ProjectImportExportPayload.swift in Sources */ = {isa = PBXBuildFile; fileRef = 000000000000000000000110 /* ProjectImportExportPayload.swift */; };
		000000000000000000000113 /* ProjectSchemaTemplateBuilder.swift in Sources */ = {isa = PBXBuildFile; fileRef = 000000000000000000000112 /* ProjectSchemaTemplateBuilder.swift */; };
		00000000000000000000011F /* ImportTextNormalizer.swift in Sources */ = {isa = PBXBuildFile; fileRef = 00000000000000000000011E /* ImportTextNormalizer.swift */; };
		000000000000000000000121 /* TagFieldLogicTests.swift in Sources */ = {isa = PBXBuildFile; fileRef = 000000000000000000000120 /* TagFieldLogicTests.swift */; };
		000000000000000000000115 /* ProjectImportValidator.swift in Sources */ = {isa = PBXBuildFile; fileRef = 000000000000000000000114 /* ProjectImportValidator.swift */; };
		000000000000000000000117 /* ProjectImportMapper.swift in Sources */ = {isa = PBXBuildFile; fileRef = 000000000000000000000116 /* ProjectImportMapper.swift */; };
		000000000000000000000119 /* ProjectImportView.swift in Sources */ = {isa = PBXBuildFile; fileRef = 000000000000000000000118 /* ProjectImportView.swift */; };
		00000000000000000000011B /* ProjectImportPreviewView.swift in Sources */ = {isa = PBXBuildFile; fileRef = 00000000000000000000011A /* ProjectImportPreviewView.swift */; };
		00000000000000000000011D /* ProjectSchemaRoundTripTests.swift in Sources */ = {isa = PBXBuildFile; fileRef = 00000000000000000000011C /* ProjectSchemaRoundTripTests.swift */; };
		000000000000000000000123 /* GenerationOutput.swift in Sources */ = {isa = PBXBuildFile; fileRef = 000000000000000000000122 /* GenerationOutput.swift */; };
		000000000000000000000125 /* GenerationOutputDetailView.swift in Sources */ = {isa = PBXBuildFile; fileRef = 000000000000000000000124 /* GenerationOutputDetailView.swift */; };
		000000000000000000000127 /* GenerationOutputTests.swift in Sources */ = {isa = PBXBuildFile; fileRef = 000000000000000000000126 /* GenerationOutputTests.swift */; };
		000000000000000000000129 /* GenerationServiceConfiguration.swift in Sources */ = {isa = PBXBuildFile; fileRef = 000000000000000000000128 /* GenerationServiceConfiguration.swift */; };
		00000000000000000000012B /* GenerationRequestDTO.swift in Sources */ = {isa = PBXBuildFile; fileRef = 00000000000000000000012A /* GenerationRequestDTO.swift */; };
		00000000000000000000012D /* GenerationService.swift in Sources */ = {isa = PBXBuildFile; fileRef = 00000000000000000000012C /* GenerationService.swift */; };
		00000000000000000000012F /* GenerationServiceTests.swift in Sources */ = {isa = PBXBuildFile; fileRef = 00000000000000000000012E /* GenerationServiceTests.swift */; };
		000000000000000000000131 /* GenerationOutputActionTests.swift in Sources */ = {isa = PBXBuildFile; fileRef = 000000000000000000000130 /* GenerationOutputActionTests.swift */; };
		000000000000000000000133 /* GenerationLengthMode.swift in Sources */ = {isa = PBXBuildFile; fileRef = 000000000000000000000132 /* GenerationLengthMode.swift */; };
		000000000000000000000135 /* GenerationUsageEvent.swift in Sources */ = {isa = PBXBuildFile; fileRef = 000000000000000000000134 /* GenerationUsageEvent.swift */; };
		000000000000000000000137 /* GenerationUsageTracker.swift in Sources */ = {isa = PBXBuildFile; fileRef = 000000000000000000000136 /* GenerationUsageTracker.swift */; };
		000000000000000000000139 /* GenerationLengthModeTests.swift in Sources */ = {isa = PBXBuildFile; fileRef = 000000000000000000000138 /* GenerationLengthModeTests.swift */; };
		00000000000000000000013B /* GenerationUsageTrackerTests.swift in Sources */ = {isa = PBXBuildFile; fileRef = 00000000000000000000013A /* GenerationUsageTrackerTests.swift */; };
		00000000000000000000013D /* OutputPublishingDTO.swift in Sources */ = {isa = PBXBuildFile; fileRef = 00000000000000000000013C /* OutputPublishingDTO.swift */; };
		00000000000000000000013F /* PublicSharingServiceConfiguration.swift in Sources */ = {isa = PBXBuildFile; fileRef = 00000000000000000000013E /* PublicSharingServiceConfiguration.swift */; };
		000000000000000000000141 /* PublicSharingService.swift in Sources */ = {isa = PBXBuildFile; fileRef = 000000000000000000000140 /* PublicSharingService.swift */; };
		000000000000000000000143 /* SharedOutputsView.swift in Sources */ = {isa = PBXBuildFile; fileRef = 000000000000000000000142 /* SharedOutputsView.swift */; };
		000000000000000000000145 /* SharedOutputDetailView.swift in Sources */ = {isa = PBXBuildFile; fileRef = 000000000000000000000144 /* SharedOutputDetailView.swift */; };
		000000000000000000000147 /* PublicSharingTests.swift in Sources */ = {isa = PBXBuildFile; fileRef = 000000000000000000000146 /* PublicSharingTests.swift */; };
		000000000000000000000149 /* SupabaseConfiguration.swift in Sources */ = {isa = PBXBuildFile; fileRef = 000000000000000000000148 /* SupabaseConfiguration.swift */; };
		00000000000000000000014B /* BackendClient.swift in Sources */ = {isa = PBXBuildFile; fileRef = 00000000000000000000014A /* BackendClient.swift */; };
		00000000000000000000014D /* AuthService.swift in Sources */ = {isa = PBXBuildFile; fileRef = 00000000000000000000014C /* AuthService.swift */; };
		00000000000000000000014F /* GenerationBackendService.swift in Sources */ = {isa = PBXBuildFile; fileRef = 00000000000000000000014E /* GenerationBackendService.swift */; };
		000000000000000000000151 /* UsageSyncService.swift in Sources */ = {isa = PBXBuildFile; fileRef = 000000000000000000000150 /* UsageSyncService.swift */; };
		000000000000000000000153 /* AccountView.swift in Sources */ = {isa = PBXBuildFile; fileRef = 000000000000000000000152 /* AccountView.swift */; };
		000000000000000000000155 /* SupabaseConfigurationTests.swift in Sources */ = {isa = PBXBuildFile; fileRef = 000000000000000000000154 /* SupabaseConfigurationTests.swift */; };
		000000000000000000000157 /* BackendClientTests.swift in Sources */ = {isa = PBXBuildFile; fileRef = 000000000000000000000156 /* BackendClientTests.swift */; };
		000000000000000000000159 /* AuthServiceTests.swift in Sources */ = {isa = PBXBuildFile; fileRef = 000000000000000000000158 /* AuthServiceTests.swift */; };
		00000000000000000000015E /* GenerationBackendServiceTests.swift in Sources */ = {isa = PBXBuildFile; fileRef = 00000000000000000000015D /* GenerationBackendServiceTests.swift */; };
		00000000000000000000015C /* SharedOutputRemixMapper.swift in Sources */ = {isa = PBXBuildFile; fileRef = 00000000000000000000015B /* SharedOutputRemixMapper.swift */; };
000000000000000000000160 /* GenerationOutputSyncDTO.swift in Sources */ = {isa = PBXBuildFile; fileRef = 000000000000000000000015F /* GenerationOutputSyncDTO.swift */; };
000000000000000000000162 /* GenerationOutputSyncService.swift in Sources */ = {isa = PBXBuildFile; fileRef = 000000000000000000000161 /* GenerationOutputSyncService.swift */; };
000000000000000000000164 /* RemixEventService.swift in Sources */ = {isa = PBXBuildFile; fileRef = 000000000000000000000163 /* RemixEventService.swift */; };
000000000000000000000166 /* AudienceControlsTests.swift in Sources */ = {isa = PBXBuildFile; fileRef = 000000000000000000000165 /* AudienceControlsTests.swift */; };
000000000000000000000168 /* GenerationOutputSyncTests.swift in Sources */ = {isa = PBXBuildFile; fileRef = 000000000000000000000167 /* GenerationOutputSyncTests.swift */; };
00000000000000000000016A /* ImportHardeningTests.swift in Sources */ = {isa = PBXBuildFile; fileRef = 000000000000000000000169 /* ImportHardeningTests.swift */; };
00000000000000000000016C /* ImportedEntityEditingTests.swift in Sources */ = {isa = PBXBuildFile; fileRef = 00000000000000000000016B /* ImportedEntityEditingTests.swift */; };
00000000000000000000016E /* RemixFromSharedOutputTests.swift in Sources */ = {isa = PBXBuildFile; fileRef = 00000000000000000000016D /* RemixFromSharedOutputTests.swift */; };
000000000000000000000170 /* HiddenSharedOutputsService.swift in Sources */ = {isa = PBXBuildFile; fileRef = 00000000000000000000016F /* HiddenSharedOutputsService.swift */; };
000000000000000000000172 /* SharedOutputReportDTO.swift in Sources */ = {isa = PBXBuildFile; fileRef = 000000000000000000000171 /* SharedOutputReportDTO.swift */; };
		000000000000000000000174 /* SharedOutputReportingTests.swift in Sources */ = {isa = PBXBuildFile; fileRef = 000000000000000000000173 /* SharedOutputReportingTests.swift */; };
		000000000000000000000176 /* ProfileBootstrapService.swift in Sources */ = {isa = PBXBuildFile; fileRef = 000000000000000000000175 /* ProfileBootstrapService.swift */; };
		000000000000000000000178 /* CloudActionGuard.swift in Sources */ = {isa = PBXBuildFile; fileRef = 000000000000000000000177 /* CloudActionGuard.swift */; };
		00000000000000000000017A /* AuthHardeningTests.swift in Sources */ = {isa = PBXBuildFile; fileRef = 000000000000000000000179 /* AuthHardeningTests.swift */; };
		00000000000000000000017C /* UsageLimitService.swift in Sources */ = {isa = PBXBuildFile; fileRef = 00000000000000000000017B /* UsageLimitService.swift */; };
		00000000000000000000017E /* GenerationCreditState.swift in Sources */ = {isa = PBXBuildFile; fileRef = 00000000000000000000017D /* GenerationCreditState.swift */; };
		000000000000000000000180 /* GenerationCreditsTests.swift in Sources */ = {isa = PBXBuildFile; fileRef = 00000000000000000000017F /* GenerationCreditsTests.swift */; };
		000000000000000000000182 /* StoreKitProductIDs.swift in Sources */ = {isa = PBXBuildFile; fileRef = 000000000000000000000181 /* StoreKitProductIDs.swift */; };
		000000000000000000000184 /* StoreKitEntitlementModel.swift in Sources */ = {isa = PBXBuildFile; fileRef = 000000000000000000000183 /* StoreKitEntitlementModel.swift */; };
		000000000000000000000186 /* StoreKitEntitlementService.swift in Sources */ = {isa = PBXBuildFile; fileRef = 000000000000000000000185 /* StoreKitEntitlementService.swift */; };
		000000000000000000000188 /* PaywallView.swift in Sources */ = {isa = PBXBuildFile; fileRef = 000000000000000000000187 /* PaywallView.swift */; };
		00000000000000000000018A /* StoreKitEntitlementTests.swift in Sources */ = {isa = PBXBuildFile; fileRef = 000000000000000000000189 /* StoreKitEntitlementTests.swift */; };
		00000000000000000000018C /* CreditStateService.swift in Sources */ = {isa = PBXBuildFile; fileRef = 00000000000000000000018B /* CreditStateService.swift */; };
		00000000000000000000018E /* BackendCreditEnforcementTests.swift in Sources */ = {isa = PBXBuildFile; fileRef = 00000000000000000000018D /* BackendCreditEnforcementTests.swift */; };
		000000000000000000000190 /* StoreKitValidationService.swift in Sources */ = {isa = PBXBuildFile; fileRef = 00000000000000000000018F /* StoreKitValidationService.swift */; };
		000000000000000000000192 /* StoreKitServerValidationTests.swift in Sources */ = {isa = PBXBuildFile; fileRef = 000000000000000000000191 /* StoreKitServerValidationTests.swift */; };
		000000000000000000000194 /* BackendHealthService.swift in Sources */ = {isa = PBXBuildFile; fileRef = 000000000000000000000193 /* BackendHealthService.swift */; };
		000000000000000000000196 /* DiagnosticsViewModel.swift in Sources */ = {isa = PBXBuildFile; fileRef = 000000000000000000000195 /* DiagnosticsViewModel.swift */; };
		000000000000000000000198 /* DiagnosticsView.swift in Sources */ = {isa = PBXBuildFile; fileRef = 000000000000000000000197 /* DiagnosticsView.swift */; };
		00000000000000000000019A /* DiagnosticsTests.swift in Sources */ = {isa = PBXBuildFile; fileRef = 000000000000000000000199 /* DiagnosticsTests.swift */; };
/* End PBXBuildFile section */

/* Begin PBXContainerItemProxy section */
		000000000000000000000016 /* PBXContainerItemProxy */ = {
			isa = PBXContainerItemProxy;
			containerPortal = 000000000000000000000001 /* Project object */;
			proxyType = 1;
			remoteGlobalIDString = 000000000000000000000004;
			remoteInfo = CathedralOSApp;
		};
/* End PBXContainerItemProxy section */

/* Begin PBXFileReference section */
		000000000000000000000006 /* CathedralOSApp.app */ = {isa = PBXFileReference; explicitFileType = wrapper.application; includeInIndex = 0; path = CathedralOSApp.app; sourceTree = BUILT_PRODUCTS_DIR; };
		000000000000000000000007 /* CathedralOSAppTests.xctest */ = {isa = PBXFileReference; explicitFileType = wrapper.cfbundle; includeInIndex = 0; path = CathedralOSAppTests.xctest; sourceTree = BUILT_PRODUCTS_DIR; };
		000000000000000000000030 /* CathedralOSApp.swift */ = {isa = PBXFileReference; lastKnownFileType = sourcecode.swift; path = CathedralOSApp.swift; sourceTree = "<group>"; };
		000000000000000000000031 /* CathedralView.swift */ = {isa = PBXFileReference; lastKnownFileType = sourcecode.swift; path = CathedralView.swift; sourceTree = "<group>"; };
		000000000000000000000032 /* Compiler.swift */ = {isa = PBXFileReference; lastKnownFileType = sourcecode.swift; path = Compiler.swift; sourceTree = "<group>"; };
		000000000000000000000033 /* Goal.swift */ = {isa = PBXFileReference; lastKnownFileType = sourcecode.swift; path = Goal.swift; sourceTree = "<group>"; };
		000000000000000000000034 /* Constraint.swift */ = {isa = PBXFileReference; lastKnownFileType = sourcecode.swift; path = Constraint.swift; sourceTree = "<group>"; };
		000000000000000000000035 /* CathedralProfile.swift */ = {isa = PBXFileReference; lastKnownFileType = sourcecode.swift; path = CathedralProfile.swift; sourceTree = "<group>"; };
		000000000000000000000063 /* Role.swift */ = {isa = PBXFileReference; lastKnownFileType = sourcecode.swift; path = Role.swift; sourceTree = "<group>"; };
		000000000000000000000064 /* Domain.swift */ = {isa = PBXFileReference; lastKnownFileType = sourcecode.swift; path = Domain.swift; sourceTree = "<group>"; };
		000000000000000000000036 /* CompilerTests.swift */ = {isa = PBXFileReference; lastKnownFileType = sourcecode.swift; path = CompilerTests.swift; sourceTree = "<group>"; };
		000000000000000000000050 /* ExportMode.swift */ = {isa = PBXFileReference; lastKnownFileType = sourcecode.swift; path = ExportMode.swift; sourceTree = "<group>"; };
		000000000000000000000051 /* ExportFormatter.swift */ = {isa = PBXFileReference; lastKnownFileType = sourcecode.swift; path = ExportFormatter.swift; sourceTree = "<group>"; };
		000000000000000000000052 /* ExportFormatterTests.swift */ = {isa = PBXFileReference; lastKnownFileType = sourcecode.swift; path = ExportFormatterTests.swift; sourceTree = "<group>"; };
		000000000000000000000072 /* ProfileSelector.swift */ = {isa = PBXFileReference; lastKnownFileType = sourcecode.swift; path = ProfileSelector.swift; sourceTree = "<group>"; };
		000000000000000000000073 /* ProfileSelectionTests.swift */ = {isa = PBXFileReference; lastKnownFileType = sourcecode.swift; path = ProfileSelectionTests.swift; sourceTree = "<group>"; };
		000000000000000000000082 /* Resource.swift */ = {isa = PBXFileReference; lastKnownFileType = sourcecode.swift; path = Resource.swift; sourceTree = "<group>"; };
		000000000000000000000084 /* Preference.swift */ = {isa = PBXFileReference; lastKnownFileType = sourcecode.swift; path = Preference.swift; sourceTree = "<group>"; };
		000000000000000000000086 /* FailurePattern.swift */ = {isa = PBXFileReference; lastKnownFileType = sourcecode.swift; path = FailurePattern.swift; sourceTree = "<group>"; };
		000000000000000000000088 /* Season.swift */ = {isa = PBXFileReference; lastKnownFileType = sourcecode.swift; path = Season.swift; sourceTree = "<group>"; };
		00000000000000000000008A /* Secret.swift */ = {isa = PBXFileReference; lastKnownFileType = sourcecode.swift; path = Secret.swift; sourceTree = "<group>"; };
		00000000000000000000008C /* KeychainService.swift */ = {isa = PBXFileReference; lastKnownFileType = sourcecode.swift; path = KeychainService.swift; sourceTree = "<group>"; };
		00000000000000000000008E /* PrivacyRedactor.swift */ = {isa = PBXFileReference; lastKnownFileType = sourcecode.swift; path = PrivacyRedactor.swift; sourceTree = "<group>"; };
		000000000000000000000090 /* SecretsVaultView.swift */ = {isa = PBXFileReference; lastKnownFileType = sourcecode.swift; path = SecretsVaultView.swift; sourceTree = "<group>"; };
		000000000000000000000094 /* AskPackAssembler.swift */ = {isa = PBXFileReference; lastKnownFileType = sourcecode.swift; path = AskPackAssembler.swift; sourceTree = "<group>"; };
		000000000000000000000096 /* AskView.swift */ = {isa = PBXFileReference; lastKnownFileType = sourcecode.swift; path = AskView.swift; sourceTree = "<group>"; };
		000000000000000000000099 /* AskPackAssemblerTests.swift */ = {isa = PBXFileReference; lastKnownFileType = sourcecode.swift; path = AskPackAssemblerTests.swift; sourceTree = "<group>"; };
		00000000000000000000009B /* PrivacySafeTitleTests.swift */ = {isa = PBXFileReference; lastKnownFileType = sourcecode.swift; path = PrivacySafeTitleTests.swift; sourceTree = "<group>"; };
		00000000000000000000009D /* ProfileTemplate.swift */ = {isa = PBXFileReference; lastKnownFileType = sourcecode.swift; path = ProfileTemplate.swift; sourceTree = "<group>"; };
		00000000000000000000009F /* BuiltInTemplates.swift */ = {isa = PBXFileReference; lastKnownFileType = sourcecode.swift; path = BuiltInTemplates.swift; sourceTree = "<group>"; };
		0000000000000000000000A1 /* ProfileFactory.swift */ = {isa = PBXFileReference; lastKnownFileType = sourcecode.swift; path = ProfileFactory.swift; sourceTree = "<group>"; };
		0000000000000000000000A3 /* TemplatesPickerView.swift */ = {isa = PBXFileReference; lastKnownFileType = sourcecode.swift; path = TemplatesPickerView.swift; sourceTree = "<group>"; };
		0000000000000000000000A5 /* NewProfileFromTemplateView.swift */ = {isa = PBXFileReference; lastKnownFileType = sourcecode.swift; path = NewProfileFromTemplateView.swift; sourceTree = "<group>"; };
		0000000000000000000000A7 /* TemplatesTests.swift */ = {isa = PBXFileReference; lastKnownFileType = sourcecode.swift; path = TemplatesTests.swift; sourceTree = "<group>"; };
		0000000000000000000000E5 /* PromptPackAssemblerTests.swift */ = {isa = PBXFileReference; lastKnownFileType = sourcecode.swift; path = PromptPackAssemblerTests.swift; sourceTree = "<group>"; };
		0000000000000000000000B0 /* Assets.xcassets */ = {isa = PBXFileReference; lastKnownFileType = folder.assetcatalog; path = Assets.xcassets; sourceTree = "<group>"; };
		0000000000000000000000B3 /* CathedralTheme.swift */ = {isa = PBXFileReference; lastKnownFileType = sourcecode.swift; path = CathedralTheme.swift; sourceTree = "<group>"; };
		0000000000000000000000B5 /* StoryProject.swift */ = {isa = PBXFileReference; lastKnownFileType = sourcecode.swift; path = StoryProject.swift; sourceTree = "<group>"; };
		0000000000000000000000B7 /* StoryCharacter.swift */ = {isa = PBXFileReference; lastKnownFileType = sourcecode.swift; path = StoryCharacter.swift; sourceTree = "<group>"; };
		0000000000000000000000B9 /* StorySpark.swift */ = {isa = PBXFileReference; lastKnownFileType = sourcecode.swift; path = StorySpark.swift; sourceTree = "<group>"; };
		0000000000000000000000BB /* Aftertaste.swift */ = {isa = PBXFileReference; lastKnownFileType = sourcecode.swift; path = Aftertaste.swift; sourceTree = "<group>"; };
		0000000000000000000000BD /* PromptPack.swift */ = {isa = PBXFileReference; lastKnownFileType = sourcecode.swift; path = PromptPack.swift; sourceTree = "<group>"; };
		0000000000000000000000BF /* ProjectSetting.swift */ = {isa = PBXFileReference; lastKnownFileType = sourcecode.swift; path = ProjectSetting.swift; sourceTree = "<group>"; };
		0000000000000000000000C1 /* ProjectsListView.swift */ = {isa = PBXFileReference; lastKnownFileType = sourcecode.swift; path = ProjectsListView.swift; sourceTree = "<group>"; };
		0000000000000000000000C3 /* ProjectDetailView.swift */ = {isa = PBXFileReference; lastKnownFileType = sourcecode.swift; path = ProjectDetailView.swift; sourceTree = "<group>"; };
		0000000000000000000000C5 /* CharacterFormView.swift */ = {isa = PBXFileReference; lastKnownFileType = sourcecode.swift; path = CharacterFormView.swift; sourceTree = "<group>"; };
		0000000000000000000000C7 /* SettingEditorView.swift */ = {isa = PBXFileReference; lastKnownFileType = sourcecode.swift; path = SettingEditorView.swift; sourceTree = "<group>"; };
		0000000000000000000000C9 /* StorySparkFormView.swift */ = {isa = PBXFileReference; lastKnownFileType = sourcecode.swift; path = StorySparkFormView.swift; sourceTree = "<group>"; };
		0000000000000000000000CB /* AftertasteFormView.swift */ = {isa = PBXFileReference; lastKnownFileType = sourcecode.swift; path = AftertasteFormView.swift; sourceTree = "<group>"; };
		0000000000000000000000CD /* PromptPackBuilderView.swift */ = {isa = PBXFileReference; lastKnownFileType = sourcecode.swift; path = PromptPackBuilderView.swift; sourceTree = "<group>"; };
		0000000000000000000000CF /* PromptPackPreviewView.swift */ = {isa = PBXFileReference; lastKnownFileType = sourcecode.swift; path = PromptPackPreviewView.swift; sourceTree = "<group>"; };
		0000000000000000000000D1 /* PromptPackAssembler.swift */ = {isa = PBXFileReference; lastKnownFileType = sourcecode.swift; path = PromptPackAssembler.swift; sourceTree = "<group>"; };
		0000000000000000000000E6 /* PromptPackExportPayload.swift */ = {isa = PBXFileReference; lastKnownFileType = sourcecode.swift; path = PromptPackExportPayload.swift; sourceTree = "<group>"; };
		0000000000000000000000E8 /* PromptPackJSONAssembler.swift */ = {isa = PBXFileReference; lastKnownFileType = sourcecode.swift; path = PromptPackJSONAssembler.swift; sourceTree = "<group>"; };
		0000000000000000000000EA /* PromptPackJSONAssemblerTests.swift */ = {isa = PBXFileReference; lastKnownFileType = sourcecode.swift; path = PromptPackJSONAssemblerTests.swift; sourceTree = "<group>"; };
		0000000000000000000000ED /* PromptPackExportBuilder.swift */ = {isa = PBXFileReference; lastKnownFileType = sourcecode.swift; path = PromptPackExportBuilder.swift; sourceTree = "<group>"; };
		0000000000000000000000EF /* PromptPackExportBuilderTests.swift */ = {isa = PBXFileReference; lastKnownFileType = sourcecode.swift; path = PromptPackExportBuilderTests.swift; sourceTree = "<group>"; };
		0000000000000000000000F1 /* PromptPackBuilderTests.swift */ = {isa = PBXFileReference; lastKnownFileType = sourcecode.swift; path = PromptPackBuilderTests.swift; sourceTree = "<group>"; };
		0000000000000000000000F2 /* FieldLevel.swift */ = {isa = PBXFileReference; lastKnownFileType = sourcecode.swift; path = FieldLevel.swift; sourceTree = "<group>"; };
		0000000000000000000000F4 /* TieredFieldsTests.swift */ = {isa = PBXFileReference; lastKnownFileType = sourcecode.swift; path = TieredFieldsTests.swift; sourceTree = "<group>"; };
		0000000000000000000000F6 /* FieldTemplateDefinition.swift */ = {isa = PBXFileReference; lastKnownFileType = sourcecode.swift; path = FieldTemplateDefinition.swift; sourceTree = "<group>"; };
		0000000000000000000000F8 /* FieldTemplateEngine.swift */ = {isa = PBXFileReference; lastKnownFileType = sourcecode.swift; path = FieldTemplateEngine.swift; sourceTree = "<group>"; };
		0000000000000000000000FA /* FieldDepthComponents.swift */ = {isa = PBXFileReference; lastKnownFileType = sourcecode.swift; path = FieldDepthComponents.swift; sourceTree = "<group>"; };
		0000000000000000000000FC /* FieldTemplateEngineTests.swift */ = {isa = PBXFileReference; lastKnownFileType = sourcecode.swift; path = FieldTemplateEngineTests.swift; sourceTree = "<group>"; };
		0000000000000000000000FE /* StringExtensions.swift */ = {isa = PBXFileReference; lastKnownFileType = sourcecode.swift; path = StringExtensions.swift; sourceTree = "<group>"; };
		000000000000000000000100 /* StoryRelationship.swift */ = {isa = PBXFileReference; lastKnownFileType = sourcecode.swift; path = StoryRelationship.swift; sourceTree = "<group>"; };
		000000000000000000000102 /* ThemeQuestion.swift */ = {isa = PBXFileReference; lastKnownFileType = sourcecode.swift; path = ThemeQuestion.swift; sourceTree = "<group>"; };
		000000000000000000000104 /* Motif.swift */ = {isa = PBXFileReference; lastKnownFileType = sourcecode.swift; path = Motif.swift; sourceTree = "<group>"; };
		000000000000000000000106 /* RelationshipFormView.swift */ = {isa = PBXFileReference; lastKnownFileType = sourcecode.swift; path = RelationshipFormView.swift; sourceTree = "<group>"; };
		000000000000000000000108 /* ThemeQuestionFormView.swift */ = {isa = PBXFileReference; lastKnownFileType = sourcecode.swift; path = ThemeQuestionFormView.swift; sourceTree = "<group>"; };
		00000000000000000000010A /* MotifFormView.swift */ = {isa = PBXFileReference; lastKnownFileType = sourcecode.swift; path = MotifFormView.swift; sourceTree = "<group>"; };
		00000000000000000000010C /* LiteraryEntitiesTests.swift */ = {isa = PBXFileReference; lastKnownFileType = sourcecode.swift; path = LiteraryEntitiesTests.swift; sourceTree = "<group>"; };
		000000000000000000000110 /* ProjectImportExportPayload.swift */ = {isa = PBXFileReference; lastKnownFileType = sourcecode.swift; path = ProjectImportExportPayload.swift; sourceTree = "<group>"; };
		000000000000000000000112 /* ProjectSchemaTemplateBuilder.swift */ = {isa = PBXFileReference; lastKnownFileType = sourcecode.swift; path = ProjectSchemaTemplateBuilder.swift; sourceTree = "<group>"; };
		00000000000000000000011E /* ImportTextNormalizer.swift */ = {isa = PBXFileReference; lastKnownFileType = sourcecode.swift; path = ImportTextNormalizer.swift; sourceTree = "<group>"; };
		000000000000000000000120 /* TagFieldLogicTests.swift */ = {isa = PBXFileReference; lastKnownFileType = sourcecode.swift; path = TagFieldLogicTests.swift; sourceTree = "<group>"; };
		000000000000000000000114 /* ProjectImportValidator.swift */ = {isa = PBXFileReference; lastKnownFileType = sourcecode.swift; path = ProjectImportValidator.swift; sourceTree = "<group>"; };
		000000000000000000000116 /* ProjectImportMapper.swift */ = {isa = PBXFileReference; lastKnownFileType = sourcecode.swift; path = ProjectImportMapper.swift; sourceTree = "<group>"; };
		000000000000000000000118 /* ProjectImportView.swift */ = {isa = PBXFileReference; lastKnownFileType = sourcecode.swift; path = ProjectImportView.swift; sourceTree = "<group>"; };
		00000000000000000000011A /* ProjectImportPreviewView.swift */ = {isa = PBXFileReference; lastKnownFileType = sourcecode.swift; path = ProjectImportPreviewView.swift; sourceTree = "<group>"; };
		00000000000000000000011C /* ProjectSchemaRoundTripTests.swift */ = {isa = PBXFileReference; lastKnownFileType = sourcecode.swift; path = ProjectSchemaRoundTripTests.swift; sourceTree = "<group>"; };
		000000000000000000000122 /* GenerationOutput.swift */ = {isa = PBXFileReference; lastKnownFileType = sourcecode.swift; path = GenerationOutput.swift; sourceTree = "<group>"; };
		000000000000000000000124 /* GenerationOutputDetailView.swift */ = {isa = PBXFileReference; lastKnownFileType = sourcecode.swift; path = GenerationOutputDetailView.swift; sourceTree = "<group>"; };
		000000000000000000000126 /* GenerationOutputTests.swift */ = {isa = PBXFileReference; lastKnownFileType = sourcecode.swift; path = GenerationOutputTests.swift; sourceTree = "<group>"; };
		000000000000000000000128 /* GenerationServiceConfiguration.swift */ = {isa = PBXFileReference; lastKnownFileType = sourcecode.swift; path = GenerationServiceConfiguration.swift; sourceTree = "<group>"; };
		00000000000000000000012A /* GenerationRequestDTO.swift */ = {isa = PBXFileReference; lastKnownFileType = sourcecode.swift; path = GenerationRequestDTO.swift; sourceTree = "<group>"; };
		00000000000000000000012C /* GenerationService.swift */ = {isa = PBXFileReference; lastKnownFileType = sourcecode.swift; path = GenerationService.swift; sourceTree = "<group>"; };
		00000000000000000000012E /* GenerationServiceTests.swift */ = {isa = PBXFileReference; lastKnownFileType = sourcecode.swift; path = GenerationServiceTests.swift; sourceTree = "<group>"; };
		000000000000000000000130 /* GenerationOutputActionTests.swift */ = {isa = PBXFileReference; lastKnownFileType = sourcecode.swift; path = GenerationOutputActionTests.swift; sourceTree = "<group>"; };
		000000000000000000000132 /* GenerationLengthMode.swift */ = {isa = PBXFileReference; lastKnownFileType = sourcecode.swift; path = GenerationLengthMode.swift; sourceTree = "<group>"; };
		000000000000000000000134 /* GenerationUsageEvent.swift */ = {isa = PBXFileReference; lastKnownFileType = sourcecode.swift; path = GenerationUsageEvent.swift; sourceTree = "<group>"; };
		000000000000000000000136 /* GenerationUsageTracker.swift */ = {isa = PBXFileReference; lastKnownFileType = sourcecode.swift; path = GenerationUsageTracker.swift; sourceTree = "<group>"; };
		000000000000000000000138 /* GenerationLengthModeTests.swift */ = {isa = PBXFileReference; lastKnownFileType = sourcecode.swift; path = GenerationLengthModeTests.swift; sourceTree = "<group>"; };
		00000000000000000000013A /* GenerationUsageTrackerTests.swift */ = {isa = PBXFileReference; lastKnownFileType = sourcecode.swift; path = GenerationUsageTrackerTests.swift; sourceTree = "<group>"; };
		00000000000000000000013C /* OutputPublishingDTO.swift */ = {isa = PBXFileReference; lastKnownFileType = sourcecode.swift; path = OutputPublishingDTO.swift; sourceTree = "<group>"; };
		00000000000000000000013E /* PublicSharingServiceConfiguration.swift */ = {isa = PBXFileReference; lastKnownFileType = sourcecode.swift; path = PublicSharingServiceConfiguration.swift; sourceTree = "<group>"; };
		000000000000000000000140 /* PublicSharingService.swift */ = {isa = PBXFileReference; lastKnownFileType = sourcecode.swift; path = PublicSharingService.swift; sourceTree = "<group>"; };
		000000000000000000000142 /* SharedOutputsView.swift */ = {isa = PBXFileReference; lastKnownFileType = sourcecode.swift; path = SharedOutputsView.swift; sourceTree = "<group>"; };
		000000000000000000000144 /* SharedOutputDetailView.swift */ = {isa = PBXFileReference; lastKnownFileType = sourcecode.swift; path = SharedOutputDetailView.swift; sourceTree = "<group>"; };
		000000000000000000000146 /* PublicSharingTests.swift */ = {isa = PBXFileReference; lastKnownFileType = sourcecode.swift; path = PublicSharingTests.swift; sourceTree = "<group>"; };
		000000000000000000000148 /* SupabaseConfiguration.swift */ = {isa = PBXFileReference; lastKnownFileType = sourcecode.swift; path = SupabaseConfiguration.swift; sourceTree = "<group>"; };
		00000000000000000000014A /* BackendClient.swift */ = {isa = PBXFileReference; lastKnownFileType = sourcecode.swift; path = BackendClient.swift; sourceTree = "<group>"; };
		00000000000000000000014C /* AuthService.swift */ = {isa = PBXFileReference; lastKnownFileType = sourcecode.swift; path = AuthService.swift; sourceTree = "<group>"; };
		00000000000000000000014E /* GenerationBackendService.swift */ = {isa = PBXFileReference; lastKnownFileType = sourcecode.swift; path = GenerationBackendService.swift; sourceTree = "<group>"; };
		000000000000000000000150 /* UsageSyncService.swift */ = {isa = PBXFileReference; lastKnownFileType = sourcecode.swift; path = UsageSyncService.swift; sourceTree = "<group>"; };
		000000000000000000000152 /* AccountView.swift */ = {isa = PBXFileReference; lastKnownFileType = sourcecode.swift; path = AccountView.swift; sourceTree = "<group>"; };
		000000000000000000000154 /* SupabaseConfigurationTests.swift */ = {isa = PBXFileReference; lastKnownFileType = sourcecode.swift; path = SupabaseConfigurationTests.swift; sourceTree = "<group>"; };
		000000000000000000000156 /* BackendClientTests.swift */ = {isa = PBXFileReference; lastKnownFileType = sourcecode.swift; path = BackendClientTests.swift; sourceTree = "<group>"; };
		000000000000000000000158 /* AuthServiceTests.swift */ = {isa = PBXFileReference; lastKnownFileType = sourcecode.swift; path = AuthServiceTests.swift; sourceTree = "<group>"; };
		00000000000000000000015D /* GenerationBackendServiceTests.swift */ = {isa = PBXFileReference; lastKnownFileType = sourcecode.swift; path = GenerationBackendServiceTests.swift; sourceTree = "<group>"; };
		00000000000000000000015B /* SharedOutputRemixMapper.swift */ = {isa = PBXFileReference; lastKnownFileType = sourcecode.swift; path = SharedOutputRemixMapper.swift; sourceTree = "<group>"; };
000000000000000000000015F /* GenerationOutputSyncDTO.swift */ = {isa = PBXFileReference; lastKnownFileType = sourcecode.swift; path = GenerationOutputSyncDTO.swift; sourceTree = "<group>"; };
000000000000000000000161 /* GenerationOutputSyncService.swift */ = {isa = PBXFileReference; lastKnownFileType = sourcecode.swift; path = GenerationOutputSyncService.swift; sourceTree = "<group>"; };
000000000000000000000163 /* RemixEventService.swift */ = {isa = PBXFileReference; lastKnownFileType = sourcecode.swift; path = RemixEventService.swift; sourceTree = "<group>"; };
000000000000000000000165 /* AudienceControlsTests.swift */ = {isa = PBXFileReference; lastKnownFileType = sourcecode.swift; path = AudienceControlsTests.swift; sourceTree = "<group>"; };
000000000000000000000167 /* GenerationOutputSyncTests.swift */ = {isa = PBXFileReference; lastKnownFileType = sourcecode.swift; path = GenerationOutputSyncTests.swift; sourceTree = "<group>"; };
000000000000000000000169 /* ImportHardeningTests.swift */ = {isa = PBXFileReference; lastKnownFileType = sourcecode.swift; path = ImportHardeningTests.swift; sourceTree = "<group>"; };
00000000000000000000016B /* ImportedEntityEditingTests.swift */ = {isa = PBXFileReference; lastKnownFileType = sourcecode.swift; path = ImportedEntityEditingTests.swift; sourceTree = "<group>"; };
00000000000000000000016D /* RemixFromSharedOutputTests.swift */ = {isa = PBXFileReference; lastKnownFileType = sourcecode.swift; path = RemixFromSharedOutputTests.swift; sourceTree = "<group>"; };
00000000000000000000016F /* HiddenSharedOutputsService.swift */ = {isa = PBXFileReference; lastKnownFileType = sourcecode.swift; path = HiddenSharedOutputsService.swift; sourceTree = "<group>"; };
000000000000000000000171 /* SharedOutputReportDTO.swift */ = {isa = PBXFileReference; lastKnownFileType = sourcecode.swift; path = SharedOutputReportDTO.swift; sourceTree = "<group>"; };
		000000000000000000000173 /* SharedOutputReportingTests.swift */ = {isa = PBXFileReference; lastKnownFileType = sourcecode.swift; path = SharedOutputReportingTests.swift; sourceTree = "<group>"; };
		000000000000000000000175 /* ProfileBootstrapService.swift */ = {isa = PBXFileReference; lastKnownFileType = sourcecode.swift; path = ProfileBootstrapService.swift; sourceTree = "<group>"; };
		000000000000000000000177 /* CloudActionGuard.swift */ = {isa = PBXFileReference; lastKnownFileType = sourcecode.swift; path = CloudActionGuard.swift; sourceTree = "<group>"; };
		000000000000000000000179 /* AuthHardeningTests.swift */ = {isa = PBXFileReference; lastKnownFileType = sourcecode.swift; path = AuthHardeningTests.swift; sourceTree = "<group>"; };
		00000000000000000000017B /* UsageLimitService.swift */ = {isa = PBXFileReference; lastKnownFileType = sourcecode.swift; path = UsageLimitService.swift; sourceTree = "<group>"; };
		00000000000000000000017D /* GenerationCreditState.swift */ = {isa = PBXFileReference; lastKnownFileType = sourcecode.swift; path = GenerationCreditState.swift; sourceTree = "<group>"; };
		00000000000000000000017F /* GenerationCreditsTests.swift */ = {isa = PBXFileReference; lastKnownFileType = sourcecode.swift; path = GenerationCreditsTests.swift; sourceTree = "<group>"; };
		000000000000000000000181 /* StoreKitProductIDs.swift */ = {isa = PBXFileReference; lastKnownFileType = sourcecode.swift; path = StoreKitProductIDs.swift; sourceTree = "<group>"; };
		000000000000000000000183 /* StoreKitEntitlementModel.swift */ = {isa = PBXFileReference; lastKnownFileType = sourcecode.swift; path = StoreKitEntitlementModel.swift; sourceTree = "<group>"; };
		000000000000000000000185 /* StoreKitEntitlementService.swift */ = {isa = PBXFileReference; lastKnownFileType = sourcecode.swift; path = StoreKitEntitlementService.swift; sourceTree = "<group>"; };
		000000000000000000000187 /* PaywallView.swift */ = {isa = PBXFileReference; lastKnownFileType = sourcecode.swift; path = PaywallView.swift; sourceTree = "<group>"; };
		000000000000000000000189 /* StoreKitEntitlementTests.swift */ = {isa = PBXFileReference; lastKnownFileType = sourcecode.swift; path = StoreKitEntitlementTests.swift; sourceTree = "<group>"; };
		00000000000000000000018B /* CreditStateService.swift */ = {isa = PBXFileReference; lastKnownFileType = sourcecode.swift; path = CreditStateService.swift; sourceTree = "<group>"; };
		00000000000000000000018D /* BackendCreditEnforcementTests.swift */ = {isa = PBXFileReference; lastKnownFileType = sourcecode.swift; path = BackendCreditEnforcementTests.swift; sourceTree = "<group>"; };
		00000000000000000000018F /* StoreKitValidationService.swift */ = {isa = PBXFileReference; lastKnownFileType = sourcecode.swift; path = StoreKitValidationService.swift; sourceTree = "<group>"; };
		000000000000000000000191 /* StoreKitServerValidationTests.swift */ = {isa = PBXFileReference; lastKnownFileType = sourcecode.swift; path = StoreKitServerValidationTests.swift; sourceTree = "<group>"; };
		000000000000000000000193 /* BackendHealthService.swift */ = {isa = PBXFileReference; lastKnownFileType = sourcecode.swift; path = BackendHealthService.swift; sourceTree = "<group>"; };
		000000000000000000000195 /* DiagnosticsViewModel.swift */ = {isa = PBXFileReference; lastKnownFileType = sourcecode.swift; path = DiagnosticsViewModel.swift; sourceTree = "<group>"; };
		000000000000000000000197 /* DiagnosticsView.swift */ = {isa = PBXFileReference; lastKnownFileType = sourcecode.swift; path = DiagnosticsView.swift; sourceTree = "<group>"; };
		000000000000000000000199 /* DiagnosticsTests.swift */ = {isa = PBXFileReference; lastKnownFileType = sourcecode.swift; path = DiagnosticsTests.swift; sourceTree = "<group>"; };
		0000000000000000000001A1 /* CathedralOSApp.entitlements */ = {isa = PBXFileReference; lastKnownFileType = text.plist.entitlements; path = CathedralOSApp.entitlements; sourceTree = "<group>"; };
/* End PBXFileReference section */

/* Begin PBXFrameworksBuildPhase section */
		000000000000000000000012 /* Frameworks */ = {
			isa = PBXFrameworksBuildPhase;
			buildActionMask = 2147483647;
			files = (
			);
			runOnlyForDeploymentPostprocessing = 0;
		};
		000000000000000000000015 /* Frameworks */ = {
			isa = PBXFrameworksBuildPhase;
			buildActionMask = 2147483647;
			files = (
			);
			runOnlyForDeploymentPostprocessing = 0;
		};
/* End PBXFrameworksBuildPhase section */

/* Begin PBXGroup section */
		000000000000000000000002 /* = */ = {
			isa = PBXGroup;
			children = (
				000000000000000000000020 /* CathedralOSApp */,
				000000000000000000000027 /* CathedralOSAppTests */,
				000000000000000000000003 /* Products */,
			);
			sourceTree = "<group>";
		};
		000000000000000000000003 /* Products */ = {
			isa = PBXGroup;
			children = (
				000000000000000000000006 /* CathedralOSApp.app */,
				000000000000000000000007 /* CathedralOSAppTests.xctest */,
			);
			name = Products;
			sourceTree = "<group>";
		};
		000000000000000000000020 /* CathedralOSApp */ = {
			isa = PBXGroup;
			children = (
				000000000000000000000021 /* App */,
				0000000000000000000000B4 /* DesignSystem */,
				000000000000000000000022 /* Features */,
				000000000000000000000025 /* Models */,
				000000000000000000000026 /* Utils */,
				000000000000000000000093 /* Services */,
				0000000000000000000000A9 /* Templates */,
				0000000000000000000000B0 /* Assets.xcassets */,
				0000000000000000000001A1 /* CathedralOSApp.entitlements */,
			);
			path = CathedralOSApp;
			sourceTree = "<group>";
		};
		0000000000000000000000B4 /* DesignSystem */ = {
			isa = PBXGroup;
			children = (
				0000000000000000000000B3 /* CathedralTheme.swift */,
				0000000000000000000000FA /* FieldDepthComponents.swift */,
			);
			path = DesignSystem;
			sourceTree = "<group>";
		};
		000000000000000000000021 /* App */ = {
			isa = PBXGroup;
			children = (
				000000000000000000000030 /* CathedralOSApp.swift */,
			);
			path = App;
			sourceTree = "<group>";
		};
		000000000000000000000022 /* Features */ = {
			isa = PBXGroup;
			children = (
				000000000000000000000023 /* CathedralEditor */,
				000000000000000000000024 /* Compiler */,
				000000000000000000000028 /* Export */,
				000000000000000000000092 /* Secrets */,
				000000000000000000000098 /* Ask */,
				0000000000000000000000AA /* Templates */,
				0000000000000000000000D3 /* Projects */,
				00000000000000000000015A /* Account */,
			);
			path = Features;
			sourceTree = "<group>";
		};
		000000000000000000000023 /* CathedralEditor */ = {
			isa = PBXGroup;
			children = (
				000000000000000000000031 /* CathedralView.swift */,
			);
			path = CathedralEditor;
			sourceTree = "<group>";
		};
		000000000000000000000024 /* Compiler */ = {
			isa = PBXGroup;
			children = (
				000000000000000000000032 /* Compiler.swift */,
			);
			path = Compiler;
			sourceTree = "<group>";
		};
		000000000000000000000028 /* Export */ = {
			isa = PBXGroup;
			children = (
				000000000000000000000050 /* ExportMode.swift */,
				000000000000000000000051 /* ExportFormatter.swift */,
			);
			path = Export;
			sourceTree = "<group>";
		};
		000000000000000000000025 /* Models */ = {
			isa = PBXGroup;
			children = (
				000000000000000000000063 /* Role.swift */,
				000000000000000000000064 /* Domain.swift */,
				000000000000000000000033 /* Goal.swift */,
				000000000000000000000034 /* Constraint.swift */,
				000000000000000000000035 /* CathedralProfile.swift */,
				000000000000000000000082 /* Resource.swift */,
				000000000000000000000084 /* Preference.swift */,
				000000000000000000000086 /* FailurePattern.swift */,
				000000000000000000000088 /* Season.swift */,
				00000000000000000000008A /* Secret.swift */,
				0000000000000000000000B5 /* StoryProject.swift */,
				0000000000000000000000BF /* ProjectSetting.swift */,
				0000000000000000000000B7 /* StoryCharacter.swift */,
				0000000000000000000000B9 /* StorySpark.swift */,
				0000000000000000000000BB /* Aftertaste.swift */,
				0000000000000000000000BD /* PromptPack.swift */,
				0000000000000000000000E6 /* PromptPackExportPayload.swift */,
				0000000000000000000000F2 /* FieldLevel.swift */,
				0000000000000000000000F6 /* FieldTemplateDefinition.swift */,
				000000000000000000000100 /* StoryRelationship.swift */,
				000000000000000000000102 /* ThemeQuestion.swift */,
				000000000000000000000104 /* Motif.swift */,
				000000000000000000000110 /* ProjectImportExportPayload.swift */,
				000000000000000000000122 /* GenerationOutput.swift */,
				000000000000000000000132 /* GenerationLengthMode.swift */,
				000000000000000000000134 /* GenerationUsageEvent.swift */,
				00000000000000000000017D /* GenerationCreditState.swift */,
				000000000000000000000183 /* StoreKitEntitlementModel.swift */,
			);
			path = Models;
			sourceTree = "<group>";
		};
		000000000000000000000026 /* Utils */ = {
			isa = PBXGroup;
			children = (
				000000000000000000000072 /* ProfileSelector.swift */,
				00000000000000000000008E /* PrivacyRedactor.swift */,
				0000000000000000000000A1 /* ProfileFactory.swift */,
				0000000000000000000000FE /* StringExtensions.swift */,
			);
			path = Utils;
			sourceTree = "<group>";
		};
		000000000000000000000027 /* CathedralOSAppTests */ = {
			isa = PBXGroup;
			children = (
				000000000000000000000036 /* CompilerTests.swift */,
				000000000000000000000052 /* ExportFormatterTests.swift */,
				000000000000000000000073 /* ProfileSelectionTests.swift */,
				000000000000000000000099 /* AskPackAssemblerTests.swift */,
				00000000000000000000009B /* PrivacySafeTitleTests.swift */,
				0000000000000000000000A7 /* TemplatesTests.swift */,
				0000000000000000000000E5 /* PromptPackAssemblerTests.swift */,
				0000000000000000000000EA /* PromptPackJSONAssemblerTests.swift */,
				0000000000000000000000EF /* PromptPackExportBuilderTests.swift */,
				0000000000000000000000F1 /* PromptPackBuilderTests.swift */,
				0000000000000000000000F4 /* TieredFieldsTests.swift */,
				0000000000000000000000FC /* FieldTemplateEngineTests.swift */,
				00000000000000000000010C /* LiteraryEntitiesTests.swift */,
				00000000000000000000011C /* ProjectSchemaRoundTripTests.swift */,
				000000000000000000000120 /* TagFieldLogicTests.swift */,
				000000000000000000000126 /* GenerationOutputTests.swift */,
				00000000000000000000012E /* GenerationServiceTests.swift */,
				000000000000000000000130 /* GenerationOutputActionTests.swift */,
				000000000000000000000138 /* GenerationLengthModeTests.swift */,
				00000000000000000000013A /* GenerationUsageTrackerTests.swift */,
				000000000000000000000146 /* PublicSharingTests.swift */,
				000000000000000000000165 /* AudienceControlsTests.swift */,
				000000000000000000000167 /* GenerationOutputSyncTests.swift */,
				000000000000000000000169 /* ImportHardeningTests.swift */,
				00000000000000000000016B /* ImportedEntityEditingTests.swift */,
				00000000000000000000016D /* RemixFromSharedOutputTests.swift */,
				000000000000000000000173 /* SharedOutputReportingTests.swift */,
				000000000000000000000179 /* AuthHardeningTests.swift */,
				00000000000000000000017F /* GenerationCreditsTests.swift */,
				000000000000000000000189 /* StoreKitEntitlementTests.swift */,
				00000000000000000000018D /* BackendCreditEnforcementTests.swift */,
				000000000000000000000191 /* StoreKitServerValidationTests.swift */,
				000000000000000000000199 /* DiagnosticsTests.swift */,
				000000000000000000000154 /* SupabaseConfigurationTests.swift */,
				000000000000000000000156 /* BackendClientTests.swift */,
				000000000000000000000158 /* AuthServiceTests.swift */,
				00000000000000000000015D /* GenerationBackendServiceTests.swift */,
			);
			path = CathedralOSAppTests;
			sourceTree = "<group>";
		};
		000000000000000000000092 /* Secrets */ = {
			isa = PBXGroup;
			children = (
				000000000000000000000090 /* SecretsVaultView.swift */,
			);
			path = Secrets;
			sourceTree = "<group>";
		};
		000000000000000000000098 /* Ask */ = {
			isa = PBXGroup;
			children = (
				000000000000000000000094 /* AskPackAssembler.swift */,
				000000000000000000000096 /* AskView.swift */,
			);
			path = Ask;
			sourceTree = "<group>";
		};
		000000000000000000000093 /* Services */ = {
			isa = PBXGroup;
			children = (
				00000000000000000000008C /* KeychainService.swift */,
				0000000000000000000000F8 /* FieldTemplateEngine.swift */,
				000000000000000000000128 /* GenerationServiceConfiguration.swift */,
				00000000000000000000012A /* GenerationRequestDTO.swift */,
				00000000000000000000012C /* GenerationService.swift */,
				000000000000000000000136 /* GenerationUsageTracker.swift */,
				00000000000000000000013C /* OutputPublishingDTO.swift */,
				00000000000000000000013E /* PublicSharingServiceConfiguration.swift */,
				000000000000000000000140 /* PublicSharingService.swift */,
				000000000000000000000148 /* SupabaseConfiguration.swift */,
				00000000000000000000014A /* BackendClient.swift */,
				00000000000000000000014C /* AuthService.swift */,
				00000000000000000000014E /* GenerationBackendService.swift */,
				000000000000000000000150 /* UsageSyncService.swift */,
				00000000000000000000015B /* SharedOutputRemixMapper.swift */,
				000000000000000000000015F /* GenerationOutputSyncDTO.swift */,
				000000000000000000000161 /* GenerationOutputSyncService.swift */,
				000000000000000000000163 /* RemixEventService.swift */,
				00000000000000000000016F /* HiddenSharedOutputsService.swift */,
				000000000000000000000171 /* SharedOutputReportDTO.swift */,
				000000000000000000000175 /* ProfileBootstrapService.swift */,
				000000000000000000000177 /* CloudActionGuard.swift */,
				00000000000000000000017B /* UsageLimitService.swift */,
				000000000000000000000181 /* StoreKitProductIDs.swift */,
				000000000000000000000185 /* StoreKitEntitlementService.swift */,
				00000000000000000000018F /* StoreKitValidationService.swift */,
				00000000000000000000018B /* CreditStateService.swift */,
				000000000000000000000193 /* BackendHealthService.swift */,
				000000000000000000000195 /* DiagnosticsViewModel.swift */,
			);
			path = Services;
			sourceTree = "<group>";
		};
		0000000000000000000000A9 /* Templates */ = {
			isa = PBXGroup;
			children = (
				00000000000000000000009D /* ProfileTemplate.swift */,
				00000000000000000000009F /* BuiltInTemplates.swift */,
			);
			path = Templates;
			sourceTree = "<group>";
		};
		0000000000000000000000AA /* Templates */ = {
			isa = PBXGroup;
			children = (
				0000000000000000000000A3 /* TemplatesPickerView.swift */,
				0000000000000000000000A5 /* NewProfileFromTemplateView.swift */,
			);
			path = Templates;
			sourceTree = "<group>";
		};
		0000000000000000000000D3 /* Projects */ = {
			isa = PBXGroup;
			children = (
				0000000000000000000000C1 /* ProjectsListView.swift */,
				0000000000000000000000C3 /* ProjectDetailView.swift */,
				0000000000000000000000C5 /* CharacterFormView.swift */,
				0000000000000000000000C7 /* SettingEditorView.swift */,
				0000000000000000000000C9 /* StorySparkFormView.swift */,
				0000000000000000000000CB /* AftertasteFormView.swift */,
				0000000000000000000000CD /* PromptPackBuilderView.swift */,
				0000000000000000000000CF /* PromptPackPreviewView.swift */,
				0000000000000000000000D1 /* PromptPackAssembler.swift */,
				0000000000000000000000E8 /* PromptPackJSONAssembler.swift */,
				0000000000000000000000ED /* PromptPackExportBuilder.swift */,
				000000000000000000000106 /* RelationshipFormView.swift */,
				000000000000000000000108 /* ThemeQuestionFormView.swift */,
				00000000000000000000010A /* MotifFormView.swift */,
				000000000000000000000112 /* ProjectSchemaTemplateBuilder.swift */,
				00000000000000000000011E /* ImportTextNormalizer.swift */,
				000000000000000000000114 /* ProjectImportValidator.swift */,
				000000000000000000000116 /* ProjectImportMapper.swift */,
				000000000000000000000118 /* ProjectImportView.swift */,
				00000000000000000000011A /* ProjectImportPreviewView.swift */,
				000000000000000000000124 /* GenerationOutputDetailView.swift */,
				000000000000000000000142 /* SharedOutputsView.swift */,
				000000000000000000000144 /* SharedOutputDetailView.swift */,
			);
			path = Projects;
			sourceTree = "<group>";
		};
		00000000000000000000015A /* Account */ = {
			isa = PBXGroup;
			children = (
				000000000000000000000152 /* AccountView.swift */,
				000000000000000000000187 /* PaywallView.swift */,
				000000000000000000000197 /* DiagnosticsView.swift */,
			);
			path = Account;
			sourceTree = "<group>";
		};
/* End PBXGroup section */

/* Begin PBXNativeTarget section */
		000000000000000000000004 /* CathedralOSApp */ = {
			isa = PBXNativeTarget;
			buildConfigurationList = 000000000000000000000008 /* Build configuration list for PBXNativeTarget "CathedralOSApp" */;
			buildPhases = (
				000000000000000000000011 /* Sources */,
				000000000000000000000012 /* Frameworks */,
				000000000000000000000013 /* Resources */,
				00000000000000000000019B /* Inject Supabase keys into Info.plist */,
			);
			buildRules = (
			);
			dependencies = (
			);
			name = CathedralOSApp;
			productName = CathedralOSApp;
			productReference = 000000000000000000000006 /* CathedralOSApp.app */;
			productType = "com.apple.product-type.application";
		};
		000000000000000000000005 /* CathedralOSAppTests */ = {
			isa = PBXNativeTarget;
			buildConfigurationList = 000000000000000000000009 /* Build configuration list for PBXNativeTarget "CathedralOSAppTests" */;
			buildPhases = (
				000000000000000000000014 /* Sources */,
				000000000000000000000015 /* Frameworks */,
			);
			buildRules = (
			);
			dependencies = (
				000000000000000000000017 /* PBXTargetDependency */,
			);
			name = CathedralOSAppTests;
			productName = CathedralOSAppTests;
			productReference = 000000000000000000000007 /* CathedralOSAppTests.xctest */;
			productType = "com.apple.product-type.bundle.unit-test";
		};
/* End PBXNativeTarget section */

/* Begin PBXProject section */
		000000000000000000000001 /* Project object */ = {
			isa = PBXProject;
			attributes = {
				BuildIndependentTargetsInParallel = 1;
				LastSwiftUpdateCheck = 1600;
				LastUpgradeCheck = 1600;
				TargetAttributes = {
					000000000000000000000004 = {
						CreatedOnToolsVersion = 16.0;
					};
					000000000000000000000005 = {
						CreatedOnToolsVersion = 16.0;
						TestTargetID = 000000000000000000000004;
					};
				};
			};
			buildConfigurationList = 00000000000000000000000A /* Build configuration list for PBXProject "CathedralOSApp" */;
			compatibilityVersion = "Xcode 14.0";
			developmentRegion = en;
			hasScannedForEncodings = 0;
			knownRegions = (
				en,
				Base,
			);
			mainGroup = 000000000000000000000002;
			productRefGroup = 000000000000000000000003 /* Products */;
			projectDirPath = "";
			projectRoot = "";
			targets = (
				000000000000000000000004 /* CathedralOSApp */,
				000000000000000000000005 /* CathedralOSAppTests */,
			);
		};
/* End PBXProject section */

/* Begin PBXResourcesBuildPhase section */
		000000000000000000000013 /* Resources */ = {
			isa = PBXResourcesBuildPhase;
			buildActionMask = 2147483647;
			files = (
				0000000000000000000000B1 /* Assets.xcassets in Resources */,
			);
			runOnlyForDeploymentPostprocessing = 0;
		};
/* End PBXResourcesBuildPhase section */

/* Begin PBXShellScriptBuildPhase section */
		00000000000000000000019B /* Inject Supabase keys into Info.plist */ = {
			isa = PBXShellScriptBuildPhase;
			buildActionMask = 2147483647;
			name = "Inject Supabase keys into Info.plist";
			files = (
			);
			inputFileListPaths = (
			);
			inputPaths = (
			);
			outputFileListPaths = (
			);
			outputPaths = (
			);
			runOnlyForDeploymentPostprocessing = 0;
			shellPath = /bin/sh;
			shellScript = "set -euo pipefail\n\nINFO_PLIST=\"${TARGET_BUILD_DIR}/${INFOPLIST_PATH}\"\n\nif [ ! -f \"$INFO_PLIST\" ]; then\n  echo \"Supabase plist injection failed: Info.plist not found at expected build path\"\n  exit 1\nfi\n\nif [ -z \"${SUPABASE_PROJECT_URL:-}\" ]; then\n  echo \"warning: SUPABASE_PROJECT_URL is empty, skipping Supabase plist injection\"\n  exit 0\nfi\n\nif [ -z \"${SUPABASE_ANON_KEY:-}\" ]; then\n  echo \"warning: SUPABASE_ANON_KEY is empty, skipping Supabase plist injection\"\n  exit 0\nfi\n\n/usr/libexec/PlistBuddy -c \"Set :SupabaseProjectURL ${SUPABASE_PROJECT_URL}\" \"$INFO_PLIST\" 2>/dev/null || \\\n/usr/libexec/PlistBuddy -c \"Add :SupabaseProjectURL string ${SUPABASE_PROJECT_URL}\" \"$INFO_PLIST\"\n\n/usr/libexec/PlistBuddy -c \"Set :SupabaseAnonKey ${SUPABASE_ANON_KEY}\" \"$INFO_PLIST\" 2>/dev/null || \\\n/usr/libexec/PlistBuddy -c \"Add :SupabaseAnonKey string ${SUPABASE_ANON_KEY}\" \"$INFO_PLIST\"\n\necho \"Supabase plist injection completed: keys present\"";
			showEnvVarsInLog = 0;
		};
/* End PBXShellScriptBuildPhase section */

/* Begin PBXSourcesBuildPhase section */
		000000000000000000000011 /* Sources */ = {
			isa = PBXSourcesBuildPhase;
			buildActionMask = 2147483647;
			files = (
				000000000000000000000040 /* CathedralOSApp.swift in Sources */,
				000000000000000000000041 /* CathedralView.swift in Sources */,
				000000000000000000000042 /* Compiler.swift in Sources */,
				000000000000000000000070 /* Role.swift in Sources */,
				000000000000000000000071 /* Domain.swift in Sources */,
				000000000000000000000043 /* Goal.swift in Sources */,
				000000000000000000000044 /* Constraint.swift in Sources */,
				000000000000000000000045 /* CathedralProfile.swift in Sources */,
				000000000000000000000060 /* ExportMode.swift in Sources */,
				000000000000000000000061 /* ExportFormatter.swift in Sources */,
				000000000000000000000080 /* ProfileSelector.swift in Sources */,
				000000000000000000000083 /* Resource.swift in Sources */,
				000000000000000000000085 /* Preference.swift in Sources */,
				000000000000000000000087 /* FailurePattern.swift in Sources */,
				000000000000000000000089 /* Season.swift in Sources */,
				00000000000000000000008B /* Secret.swift in Sources */,
				00000000000000000000008D /* KeychainService.swift in Sources */,
				00000000000000000000008F /* PrivacyRedactor.swift in Sources */,
				000000000000000000000091 /* SecretsVaultView.swift in Sources */,
				000000000000000000000095 /* AskPackAssembler.swift in Sources */,
				000000000000000000000097 /* AskView.swift in Sources */,
				00000000000000000000009E /* ProfileTemplate.swift in Sources */,
				0000000000000000000000A0 /* BuiltInTemplates.swift in Sources */,
				0000000000000000000000A2 /* ProfileFactory.swift in Sources */,
				0000000000000000000000A4 /* TemplatesPickerView.swift in Sources */,
				0000000000000000000000A6 /* NewProfileFromTemplateView.swift in Sources */,
				0000000000000000000000B2 /* CathedralTheme.swift in Sources */,
				0000000000000000000000B6 /* StoryProject.swift in Sources */,
				0000000000000000000000B8 /* StoryCharacter.swift in Sources */,
				0000000000000000000000BA /* StorySpark.swift in Sources */,
				0000000000000000000000BC /* Aftertaste.swift in Sources */,
				0000000000000000000000BE /* PromptPack.swift in Sources */,
				0000000000000000000000C0 /* ProjectSetting.swift in Sources */,
				0000000000000000000000C2 /* ProjectsListView.swift in Sources */,
				0000000000000000000000C4 /* ProjectDetailView.swift in Sources */,
				0000000000000000000000C6 /* CharacterFormView.swift in Sources */,
				0000000000000000000000C8 /* SettingEditorView.swift in Sources */,
				0000000000000000000000CA /* StorySparkFormView.swift in Sources */,
				0000000000000000000000CC /* AftertasteFormView.swift in Sources */,
				0000000000000000000000CE /* PromptPackBuilderView.swift in Sources */,
				0000000000000000000000D0 /* PromptPackPreviewView.swift in Sources */,
				0000000000000000000000D2 /* PromptPackAssembler.swift in Sources */,
				0000000000000000000000E7 /* PromptPackExportPayload.swift in Sources */,
				0000000000000000000000E9 /* PromptPackJSONAssembler.swift in Sources */,
				0000000000000000000000EC /* PromptPackExportBuilder.swift in Sources */,
				0000000000000000000000F3 /* FieldLevel.swift in Sources */,
				0000000000000000000000F7 /* FieldTemplateDefinition.swift in Sources */,
				0000000000000000000000F9 /* FieldTemplateEngine.swift in Sources */,
				0000000000000000000000FB /* FieldDepthComponents.swift in Sources */,
				0000000000000000000000FF /* StringExtensions.swift in Sources */,
				000000000000000000000101 /* StoryRelationship.swift in Sources */,
				000000000000000000000103 /* ThemeQuestion.swift in Sources */,
				000000000000000000000105 /* Motif.swift in Sources */,
				000000000000000000000107 /* RelationshipFormView.swift in Sources */,
				000000000000000000000109 /* ThemeQuestionFormView.swift in Sources */,
				00000000000000000000010B /* MotifFormView.swift in Sources */,
				000000000000000000000111 /* ProjectImportExportPayload.swift in Sources */,
				000000000000000000000113 /* ProjectSchemaTemplateBuilder.swift in Sources */,
				00000000000000000000011F /* ImportTextNormalizer.swift in Sources */,
				000000000000000000000115 /* ProjectImportValidator.swift in Sources */,
				000000000000000000000117 /* ProjectImportMapper.swift in Sources */,
				000000000000000000000119 /* ProjectImportView.swift in Sources */,
				00000000000000000000011B /* ProjectImportPreviewView.swift in Sources */,
				000000000000000000000123 /* GenerationOutput.swift in Sources */,
				000000000000000000000125 /* GenerationOutputDetailView.swift in Sources */,
				000000000000000000000129 /* GenerationServiceConfiguration.swift in Sources */,
				00000000000000000000012B /* GenerationRequestDTO.swift in Sources */,
				00000000000000000000012D /* GenerationService.swift in Sources */,
				000000000000000000000133 /* GenerationLengthMode.swift in Sources */,
				000000000000000000000135 /* GenerationUsageEvent.swift in Sources */,
				000000000000000000000137 /* GenerationUsageTracker.swift in Sources */,
				00000000000000000000013D /* OutputPublishingDTO.swift in Sources */,
				00000000000000000000013F /* PublicSharingServiceConfiguration.swift in Sources */,
				000000000000000000000141 /* PublicSharingService.swift in Sources */,
				000000000000000000000143 /* SharedOutputsView.swift in Sources */,
				000000000000000000000145 /* SharedOutputDetailView.swift in Sources */,
				000000000000000000000149 /* SupabaseConfiguration.swift in Sources */,
				00000000000000000000014B /* BackendClient.swift in Sources */,
				00000000000000000000014D /* AuthService.swift in Sources */,
				00000000000000000000014F /* GenerationBackendService.swift in Sources */,
				000000000000000000000151 /* UsageSyncService.swift in Sources */,
				000000000000000000000153 /* AccountView.swift in Sources */,
				00000000000000000000015C /* SharedOutputRemixMapper.swift in Sources */,
				000000000000000000000160 /* GenerationOutputSyncDTO.swift in Sources */,
				000000000000000000000162 /* GenerationOutputSyncService.swift in Sources */,
				000000000000000000000164 /* RemixEventService.swift in Sources */,
				000000000000000000000170 /* HiddenSharedOutputsService.swift in Sources */,
				000000000000000000000172 /* SharedOutputReportDTO.swift in Sources */,
				000000000000000000000176 /* ProfileBootstrapService.swift in Sources */,
				000000000000000000000178 /* CloudActionGuard.swift in Sources */,
				00000000000000000000017C /* UsageLimitService.swift in Sources */,
				00000000000000000000017E /* GenerationCreditState.swift in Sources */,
				000000000000000000000182 /* StoreKitProductIDs.swift in Sources */,
				000000000000000000000184 /* StoreKitEntitlementModel.swift in Sources */,
				000000000000000000000186 /* StoreKitEntitlementService.swift in Sources */,
				000000000000000000000188 /* PaywallView.swift in Sources */,
				000000000000000000000190 /* StoreKitValidationService.swift in Sources */,
				00000000000000000000018C /* CreditStateService.swift in Sources */,
				000000000000000000000194 /* BackendHealthService.swift in Sources */,
				000000000000000000000196 /* DiagnosticsViewModel.swift in Sources */,
				000000000000000000000198 /* DiagnosticsView.swift in Sources */,
			);
			runOnlyForDeploymentPostprocessing = 0;
		};
		000000000000000000000014 /* Sources */ = {
			isa = PBXSourcesBuildPhase;
			buildActionMask = 2147483647;
			files = (
				000000000000000000000046 /* CompilerTests.swift in Sources */,
				000000000000000000000062 /* ExportFormatterTests.swift in Sources */,
				000000000000000000000081 /* ProfileSelectionTests.swift in Sources */,
				00000000000000000000009A /* AskPackAssemblerTests.swift in Sources */,
				00000000000000000000009C /* PrivacySafeTitleTests.swift in Sources */,
				0000000000000000000000A8 /* TemplatesTests.swift in Sources */,
				0000000000000000000000D4 /* PromptPackAssemblerTests.swift in Sources */,
				0000000000000000000000EB /* PromptPackJSONAssemblerTests.swift in Sources */,
				0000000000000000000000EE /* PromptPackExportBuilderTests.swift in Sources */,
				0000000000000000000000F0 /* PromptPackBuilderTests.swift in Sources */,
				0000000000000000000000F5 /* TieredFieldsTests.swift in Sources */,
				0000000000000000000000FD /* FieldTemplateEngineTests.swift in Sources */,
				00000000000000000000010D /* LiteraryEntitiesTests.swift in Sources */,
				00000000000000000000011D /* ProjectSchemaRoundTripTests.swift in Sources */,
				000000000000000000000121 /* TagFieldLogicTests.swift in Sources */,
				000000000000000000000127 /* GenerationOutputTests.swift in Sources */,
				00000000000000000000012F /* GenerationServiceTests.swift in Sources */,
				000000000000000000000131 /* GenerationOutputActionTests.swift in Sources */,
				000000000000000000000139 /* GenerationLengthModeTests.swift in Sources */,
				00000000000000000000013B /* GenerationUsageTrackerTests.swift in Sources */,
				000000000000000000000147 /* PublicSharingTests.swift in Sources */,
				000000000000000000000155 /* SupabaseConfigurationTests.swift in Sources */,
				000000000000000000000157 /* BackendClientTests.swift in Sources */,
				000000000000000000000159 /* AuthServiceTests.swift in Sources */,
				00000000000000000000015E /* GenerationBackendServiceTests.swift in Sources */,
				000000000000000000000166 /* AudienceControlsTests.swift in Sources */,
				000000000000000000000168 /* GenerationOutputSyncTests.swift in Sources */,
				00000000000000000000016A /* ImportHardeningTests.swift in Sources */,
				00000000000000000000016C /* ImportedEntityEditingTests.swift in Sources */,
				00000000000000000000016E /* RemixFromSharedOutputTests.swift in Sources */,
				000000000000000000000174 /* SharedOutputReportingTests.swift in Sources */,
				00000000000000000000017A /* AuthHardeningTests.swift in Sources */,
				000000000000000000000180 /* GenerationCreditsTests.swift in Sources */,
				00000000000000000000018A /* StoreKitEntitlementTests.swift in Sources */,
				00000000000000000000018E /* BackendCreditEnforcementTests.swift in Sources */,
				000000000000000000000192 /* StoreKitServerValidationTests.swift in Sources */,
				00000000000000000000019A /* DiagnosticsTests.swift in Sources */,
			);
			runOnlyForDeploymentPostprocessing = 0;
		};
/* End PBXSourcesBuildPhase section */

/* Begin PBXTargetDependency section */
		000000000000000000000017 /* PBXTargetDependency */ = {
			isa = PBXTargetDependency;
			target = 000000000000000000000004 /* CathedralOSApp */;
			targetProxy = 000000000000000000000016 /* PBXContainerItemProxy */;
		};
/* End PBXTargetDependency section */

/* Begin XCBuildConfiguration section */
		00000000000000000000000B /* Debug */ = {
			isa = XCBuildConfiguration;
			buildSettings = {
				ASSETCATALOG_COMPILER_APPICON_NAME = AppIcon;
				CODE_SIGN_ENTITLEMENTS = CathedralOSApp/CathedralOSApp.entitlements;
				CODE_SIGN_STYLE = Automatic;
				CURRENT_PROJECT_VERSION = 1;
				DEVELOPMENT_TEAM = "$(APPLE_TEAM_ID)";
				ENABLE_TESTABILITY = YES;
				GENERATE_INFOPLIST_FILE = YES;
				INFOPLIST_KEY_SupabaseAnonKey = "$(SUPABASE_ANON_KEY)";
				INFOPLIST_KEY_SupabaseProjectURL = "$(SUPABASE_PROJECT_URL)";
				INFOPLIST_KEY_UIApplicationSceneManifest_Generation = YES;
				INFOPLIST_KEY_UIApplicationSupportsIndirectInputEvents = YES;
				INFOPLIST_KEY_UILaunchScreen_Generation = YES;
				INFOPLIST_KEY_ITSAppUsesNonExemptEncryption = NO;
				INFOPLIST_KEY_UISupportedInterfaceOrientations_iPad = "UIInterfaceOrientationPortrait UIInterfaceOrientationPortraitUpsideDown UIInterfaceOrientationLandscapeLeft UIInterfaceOrientationLandscapeRight";
				INFOPLIST_KEY_UISupportedInterfaceOrientations_iPhone = "UIInterfaceOrientationPortrait UIInterfaceOrientationLandscapeLeft UIInterfaceOrientationLandscapeRight";
				IPHONEOS_DEPLOYMENT_TARGET = 17.0;
				LD_RUNPATH_SEARCH_PATHS = "@executable_path/Frameworks";
				MARKETING_VERSION = 1.0;
				PRODUCT_BUNDLE_IDENTIFIER = com.savagesbydesign.CathedralOS;
				PRODUCT_NAME = "$(TARGET_NAME)";
				SWIFT_EMIT_LOC_STRINGS = YES;
				SWIFT_VERSION = 5.0;
				TARGETED_DEVICE_FAMILY = "1,2";
			};
			name = Debug;
		};
		00000000000000000000000C /* Release */ = {
			isa = XCBuildConfiguration;
			buildSettings = {
				ASSETCATALOG_COMPILER_APPICON_NAME = AppIcon;
				CODE_SIGN_ENTITLEMENTS = CathedralOSApp/CathedralOSApp.entitlements;
				CODE_SIGN_IDENTITY = "Apple Distribution";
				CODE_SIGN_STYLE = Manual;
				CURRENT_PROJECT_VERSION = 1;
				DEVELOPMENT_TEAM = "$(APPLE_TEAM_ID)";
				GENERATE_INFOPLIST_FILE = YES;
				INFOPLIST_KEY_SupabaseAnonKey = "$(SUPABASE_ANON_KEY)";
				INFOPLIST_KEY_SupabaseProjectURL = "$(SUPABASE_PROJECT_URL)";
				INFOPLIST_KEY_ITSAppUsesNonExemptEncryption = NO;
				INFOPLIST_KEY_UIApplicationSceneManifest_Generation = YES;
				INFOPLIST_KEY_UIApplicationSupportsIndirectInputEvents = YES;
				INFOPLIST_KEY_UILaunchScreen_Generation = YES;
				INFOPLIST_KEY_UISupportedInterfaceOrientations_iPad = "UIInterfaceOrientationPortrait UIInterfaceOrientationPortraitUpsideDown UIInterfaceOrientationLandscapeLeft UIInterfaceOrientationLandscapeRight";
				INFOPLIST_KEY_UISupportedInterfaceOrientations_iPhone = "UIInterfaceOrientationPortrait UIInterfaceOrientationLandscapeLeft UIInterfaceOrientationLandscapeRight";
				IPHONEOS_DEPLOYMENT_TARGET = 17.0;
				LD_RUNPATH_SEARCH_PATHS = "@executable_path/Frameworks";
				MARKETING_VERSION = 1.0;
				PRODUCT_BUNDLE_IDENTIFIER = com.savagesbydesign.CathedralOS;
				PRODUCT_NAME = "$(TARGET_NAME)";
				PROVISIONING_PROFILE_SPECIFIER = "match AppStore com.savagesbydesign.CathedralOS";
				SWIFT_EMIT_LOC_STRINGS = YES;
				SWIFT_VERSION = 5.0;
				TARGETED_DEVICE_FAMILY = "1,2";
			};
			name = Release;
		};
		00000000000000000000000D /* Debug */ = {
			isa = XCBuildConfiguration;
			buildSettings = {
				BUNDLE_LOADER = "$(TEST_HOST)";
				CODE_SIGN_STYLE = Automatic;
				CURRENT_PROJECT_VERSION = 1;
				DEVELOPMENT_TEAM = "$(APPLE_TEAM_ID)";
				GENERATE_INFOPLIST_FILE = YES;
				IPHONEOS_DEPLOYMENT_TARGET = 17.0;
				MARKETING_VERSION = 1.0;
				PRODUCT_BUNDLE_IDENTIFIER = com.savagesbydesign.CathedralOSTests;
				PRODUCT_NAME = "$(TARGET_NAME)";
				SWIFT_VERSION = 5.0;
				TARGETED_DEVICE_FAMILY = "1,2";
				TEST_HOST = "$(BUILT_PRODUCTS_DIR)/CathedralOSApp.app/$(BUNDLE_EXECUTABLE_FOLDER_PATH)/CathedralOSApp";
			};
			name = Debug;
		};
		00000000000000000000000E /* Release */ = {
			isa = XCBuildConfiguration;
			buildSettings = {
				BUNDLE_LOADER = "$(TEST_HOST)";
				CODE_SIGN_STYLE = Manual;
				CURRENT_PROJECT_VERSION = 1;
				DEVELOPMENT_TEAM = "$(APPLE_TEAM_ID)";
				GENERATE_INFOPLIST_FILE = YES;
				IPHONEOS_DEPLOYMENT_TARGET = 17.0;
				MARKETING_VERSION = 1.0;
				PRODUCT_BUNDLE_IDENTIFIER = com.savagesbydesign.CathedralOSTests;
				PRODUCT_NAME = "$(TARGET_NAME)";
				SWIFT_VERSION = 5.0;
				TARGETED_DEVICE_FAMILY = "1,2";
				TEST_HOST = "$(BUILT_PRODUCTS_DIR)/CathedralOSApp.app/$(BUNDLE_EXECUTABLE_FOLDER_PATH)/CathedralOSApp";
			};
			name = Release;
		};
		00000000000000000000000F /* Debug */ = {
			isa = XCBuildConfiguration;
			buildSettings = {
				ALWAYS_SEARCH_USER_PATHS = NO;
				CLANG_ANALYZER_NONNULL = YES;
				CLANG_ANALYZER_NUMBER_OBJECT_CONVERSION = YES_AGGRESSIVE;
				CLANG_CXX_LANGUAGE_STANDARD = "gnu++20";
				CLANG_ENABLE_MODULES = YES;
				CLANG_ENABLE_OBJC_ARC = YES;
				CLANG_ENABLE_OBJC_WEAK = YES;
				CLANG_WARN_BLOCK_CAPTURE_AUTORELEASING = YES;
				CLANG_WARN_BOOL_CONVERSION = YES;
				CLANG_WARN_COMMA = YES;
				CLANG_WARN_CONSTANT_CONVERSION = YES;
				CLANG_WARN_DEPRECATED_OBJC_IMPLEMENTATIONS = YES;
				CLANG_WARN_DIRECT_OBJC_ISA_USAGE = YES_ERROR;
				CLANG_WARN_DOCUMENTATION_COMMENTS = YES;
				CLANG_WARN_EMPTY_BODY = YES;
				CLANG_WARN_ENUM_CONVERSION = YES;
				CLANG_WARN_INFINITE_RECURSION = YES;
				CLANG_WARN_INT_CONVERSION = YES;
				CLANG_WARN_NON_LITERAL_NULL_CONVERSION = YES;
				CLANG_WARN_OBJC_IMPLICIT_RETAIN_CYCLE = YES;
				CLANG_WARN_OBJC_LITERAL_CONVERSION = YES;
				CLANG_WARN_OBJC_ROOT_CLASS = YES_ERROR;
				CLANG_WARN_RANGE_LOOP_ANALYSIS = YES;
				CLANG_WARN_STRICT_PROTOTYPES = YES;
				CLANG_WARN_SUSPICIOUS_MOVE = YES;
				CLANG_WARN_UNGUARDED_AVAILABILITY = YES_AGGRESSIVE;
				CLANG_WARN_UNREACHABLE_CODE = YES;
				CLANG_WARN__DUPLICATE_METHOD_MATCH = YES;
				COPY_PHASE_STRIP = NO;
				DEBUG_INFORMATION_FORMAT = dwarf;
				ENABLE_STRICT_OBJC_MSGSEND = YES;
				ENABLE_TESTABILITY = YES;
				GCC_C_LANGUAGE_STANDARD = gnu17;
				GCC_DYNAMIC_NO_PIC = NO;
				GCC_NO_COMMON_BLOCKS = YES;
				GCC_OPTIMIZATION_LEVEL = 0;
				GCC_PREPROCESSOR_DEFINITIONS = (
					"DEBUG=1",
					"$(inherited)",
				);
				GCC_WARN_64_TO_32_BIT_CONVERSION = YES;
				GCC_WARN_ABOUT_RETURN_TYPE = YES_ERROR;
				GCC_WARN_UNDECLARED_SELECTOR = YES;
				GCC_WARN_UNINITIALIZED_AUTOS = YES_AGGRESSIVE;
				GCC_WARN_UNUSED_FUNCTION = YES;
				GCC_WARN_UNUSED_VARIABLE = YES;
				IPHONEOS_DEPLOYMENT_TARGET = 17.0;
				MTL_ENABLE_DEBUG_INFO = INCLUDE_SOURCE;
				MTL_FAST_MATH = YES;
				ONLY_ACTIVE_ARCH = YES;
				SDKROOT = iphoneos;
				SWIFT_ACTIVE_COMPILATION_CONDITIONS = DEBUG;
				SWIFT_OPTIMIZATION_LEVEL = "-Onone";
			};
			name = Debug;
		};
		000000000000000000000010 /* Release */ = {
			isa = XCBuildConfiguration;
			buildSettings = {
				ALWAYS_SEARCH_USER_PATHS = NO;
				CLANG_ANALYZER_NONNULL = YES;
				CLANG_ANALYZER_NUMBER_OBJECT_CONVERSION = YES_AGGRESSIVE;
				CLANG_CXX_LANGUAGE_STANDARD = "gnu++20";
				CLANG_ENABLE_MODULES = YES;
				CLANG_ENABLE_OBJC_ARC = YES;
				CLANG_ENABLE_OBJC_WEAK = YES;
				CLANG_WARN_BLOCK_CAPTURE_AUTORELEASING = YES;
				CLANG_WARN_BOOL_CONVERSION = YES;
				CLANG_WARN_COMMA = YES;
				CLANG_WARN_CONSTANT_CONVERSION = YES;
				CLANG_WARN_DEPRECATED_OBJC_IMPLEMENTATIONS = YES;
				CLANG_WARN_DIRECT_OBJC_ISA_USAGE = YES_ERROR;
				CLANG_WARN_DOCUMENTATION_COMMENTS = YES;
				CLANG_WARN_EMPTY_BODY = YES;
				CLANG_WARN_ENUM_CONVERSION = YES;
				CLANG_WARN_INFINITE_RECURSION = YES;
				CLANG_WARN_INT_CONVERSION = YES;
				CLANG_WARN_NON_LITERAL_NULL_CONVERSION = YES;
				CLANG_WARN_OBJC_IMPLICIT_RETAIN_CYCLE = YES;
				CLANG_WARN_OBJC_LITERAL_CONVERSION = YES;
				CLANG_WARN_OBJC_ROOT_CLASS = YES_ERROR;
				CLANG_WARN_RANGE_LOOP_ANALYSIS = YES;
				CLANG_WARN_STRICT_PROTOTYPES = YES;
				CLANG_WARN_SUSPICIOUS_MOVE = YES;
				CLANG_WARN_UNGUARDED_AVAILABILITY = YES_AGGRESSIVE;
				CLANG_WARN_UNREACHABLE_CODE = YES;
				CLANG_WARN__DUPLICATE_METHOD_MATCH = YES;
				COPY_PHASE_STRIP = NO;
				DEBUG_INFORMATION_FORMAT = "dwarf-with-dsym";
				ENABLE_NS_ASSERTIONS = NO;
				ENABLE_STRICT_OBJC_MSGSEND = YES;
				GCC_C_LANGUAGE_STANDARD = gnu17;
				GCC_NO_COMMON_BLOCKS = YES;
				GCC_WARN_64_TO_32_BIT_CONVERSION = YES;
				GCC_WARN_ABOUT_RETURN_TYPE = YES_ERROR;
				GCC_WARN_UNDECLARED_SELECTOR = YES;
				GCC_WARN_UNINITIALIZED_AUTOS = YES_AGGRESSIVE;
				GCC_WARN_UNUSED_FUNCTION = YES;
				GCC_WARN_UNUSED_VARIABLE = YES;
				IPHONEOS_DEPLOYMENT_TARGET = 17.0;
				MTL_FAST_MATH = YES;
				SDKROOT = iphoneos;
				SWIFT_COMPILATION_MODE = wholemodule;
				SWIFT_OPTIMIZATION_LEVEL = "-O";
				VALIDATE_PRODUCT = YES;
			};
			name = Release;
		};
/* End XCBuildConfiguration section */

/* Begin XCConfigurationList section */
		000000000000000000000008 /* Build configuration list for PBXNativeTarget "CathedralOSApp" */ = {
			isa = XCConfigurationList;
			buildConfigurations = (
				00000000000000000000000B /* Debug */,
				00000000000000000000000C /* Release */,
			);
			defaultConfigurationIsVisible = 0;
			defaultConfigurationName = Release;
		};
		000000000000000000000009 /* Build configuration list for PBXNativeTarget "CathedralOSAppTests" */ = {
			isa = XCConfigurationList;
			buildConfigurations = (
				00000000000000000000000D /* Debug */,
				00000000000000000000000E /* Release */,
			);
			defaultConfigurationIsVisible = 0;
			defaultConfigurationName = Release;
		};
		00000000000000000000000A /* Build configuration list for PBXProject "CathedralOSApp" */ = {
			isa = XCConfigurationList;
			buildConfigurations = (
				00000000000000000000000F /* Debug */,
				000000000000000000000010 /* Release */,
			);
			defaultConfigurationIsVisible = 0;
			defaultConfigurationName = Release;
		};
/* End XCConfigurationList section */

	};
	rootObject = 000000000000000000000001 /* Project object */;
}
